{
  "object": {
    "pins": [
      {
        "package": "SwiftParsec",
        "repositoryURL": "git@github.com:davedufresne/SwiftParsec.git",
        "state": {
          "branch": null,
          "revision": "00ae75a5e9e0fc790056a8b8ebdf2a1833e7117a",
          "version": "4.0.1"
        }
      },
      {
        "package": "ToyWebView",
        "repositoryURL": "/Users/atsuya-sato/Desktop/ToyWebView",
        "state": {
          "branch": null,
          "revision": "a06d435bf752876019ab9ef7eed792f7af378a92",
          "version": "1.0.0"
        }
      }
    ]
  },
  "version": 1
}
